{
    "name": "NAYAN-BOT",
    "version": "5.0.8",
    "lockfileVersion": 2,
    "requires": true,
    "packages": {
        "": {
            "name": "NAYAN-BOT",
            "version": "5.0.8",
            "license": "GPL-3.0",
            "dependencies": {
                "aes-js": "latest",
                "axios": "^1.4.0",
                "better-ytdl-core": "^1.0.1",
                "bluebird": "^2.11.0",
                "canvas": "^2.11.2",
                "chalk": "4.1.2",
                "chalkercli": "^1.6.4",
                "cheerio": "latest",
                "child_process": "^1.0.2",
                "cloudscraper": "^4.6.0",
                "crypto": "latest",
                "deepai": "^1.0.23",
                "discord-image-generation": "^1.4.25",
                "discord.js": "^14.13.0",
                "dotenv": "^16.0.1",
                "eval": "^0.1.8",
                "express": "^4.17.3",
                "fast-speedtest-api": "^0.3.2",
                "fb-tools": "^0.0.1-security",
                "figlet": "^1.5.2",
                "filipino-badwords-list": "^1.1.2",
                "form-data": "^4.0.0",
                "fs": "^0.0.1-security",
                "fs-extra": "^10.0.1",
                "gif-frames": "^1.0.1",
                "gifencoder": "^2.0.1",
                "googlethis": "^1.7.1",
                "gradient-string": "^2.0.2",
                "https-proxy-agent": "latest",
                "image-downloader": "^4.3.0",
                "imgur": "^2.3.0",
                "jimp": "^0.22.8",
                "lyrics-finder": "^21.7.0",
                "moment": "^2.29.1",
                "moment-timezone": "^0.5.41",
                "mqtt": "latest",
                "nayan-media-downloader": "^2.0.0",
                "node-cmd": "^5.0.0",
                "node-cron": "^3.0.2",
                "node-fetch": "^3.3.1",
                "node-superfetch": "^0.3.3",
                "npmlog": "latest",
                "openai": "^3.1.0",
                "os": "^0.1.2",
                "pastebin-api": "^5.1.6",
                "path": "^0.12.7",
                "pidusage": "^3.0.0",
                "process": "^0.11.10",
                "prompt-sync": "^4.2.0",
                "qrcode": "^1.5.3",
                "qrcode-reader": "^1.0.4",
                "querystring": "^0.2.1",
                "request": "latest",
                "requests": "^0.3.0",
                "semver": "latest",
                "sequelize": "^6.17.0",
                "simple-youtube-api": "^5.2.1",
                "soundcloud-downloader": "^1.0.0",
                "sqlite3": "^5.1.6",
                "string-similarity": "",
                "systeminformation": "^5.17.9",
                "tesseract.js": "^4.1.1",
                "tinycolor2": "^1.6.0",
                "totp-generator": "^0.0.13",
                "tslib": "^2.6.2",
                "tweetnacl-sealedbox-js": "^1.2.0",
                "tweetnacl-util": "^0.15.1",
                "websocket-stream": "latest",
                "wikijs": "^6.4.1",
                "youtube-search-api": "^1.1.1",
                "ytdl-core": "^4.11.4"
            }
        },
        "node_modules/@babel/runtime": {
            "version": "7.22.6",
            "resolved": "https://registry.npmjs.org/@babel/runtime/-/runtime-7.22.6.tgz",
            "integrity": "sha512-wDb5pWm4WDdF6LFUde3Jl8WzPA+3ZbxYqkC6xAXuD3irdEHN1k0NfTRrJD8ZD378SJ61miMLCqIOXYhd8x+AJQ==",
            "dependencies": {
                "regenerator-runtime": "^0.13.11"
            },
            "engines": {
                "node": ">=6.9.0"
            }
        },
        "node_modules/@discordjs/builders": {
            "version": "1.6.5",
            "resolved": "https://registry.npmjs.org/@discordjs/builders/-/builders-1.6.5.tgz",
            "integrity": "sha512-SdweyCs/+mHj+PNhGLLle7RrRFX9ZAhzynHahMCLqp5Zeq7np7XC6/mgzHc79QoVlQ1zZtOkTTiJpOZu5V8Ufg==",
            "dependencies": {
                "@discordjs/formatters": "^0.3.2",
                "@discordjs/util": "^1.0.1",
                "@sapphire/shapeshift": "^3.9.2",
                "discord-api-types": "0.37.50",
                "fast-deep-equal": "^3.1.3",
                "ts-mixer": "^6.0.3",
                "tslib": "^2.6.1"
            },
            "engines": {
                "node": ">=16.11.0"
            }
        },
        "node_modules/@discordjs/collection": {
            "version": "1.5.3",
            "resolved": "https://registry.npmjs.org/@discordjs/collection/-/collection-1.5.3.tgz",
            "integrity": "sha512-SVb428OMd3WO1paV3rm6tSjM4wC+Kecaa1EUGX7vc6/fddvw/6lg90z4QtCqm21zvVe92vMMDt9+DkIvjXImQQ==",
            "engines": {
                "node": ">=16.11.0"
            }
        },
        "node_modules/@discordjs/formatters": {
            "version": "0.3.2",
            "resolved": "https://registry.npmjs.org/@discordjs/formatters/-/formatters-0.3.2.tgz",
            "integrity": "sha512-lE++JZK8LSSDRM5nLjhuvWhGuKiXqu+JZ/DsOR89DVVia3z9fdCJVcHF2W/1Zxgq0re7kCzmAJlCMMX3tetKpA==",
            "dependencies": {
                "discord-api-types": "0.37.50"
            },
            "engines": {
                "node": ">=16.11.0"
            }
        },
        "node_modules/@discordjs/rest": {
            "version": "2.0.1",
            "resolved": "https://registry.npmjs.org/@discordjs/rest/-/rest-2.0.1.tgz",
            "integrity": "sha512-/eWAdDRvwX/rIE2tuQUmKaxmWeHmGealttIzGzlYfI4+a7y9b6ZoMp8BG/jaohs8D8iEnCNYaZiOFLVFLQb8Zg==",
            "dependencies": {
                "@discordjs/collection": "^1.5.3",
                "@discordjs/util": "^1.0.1",
                "@sapphire/async-queue": "^1.5.0",
                "@sapphire/snowflake": "^3.5.1",
                "@vladfrangu/async_event_emitter": "^2.2.2",
                "discord-api-types": "0.37.50",
                "magic-bytes.js": "^1.0.15",
                "tslib": "^2.6.1",
                "undici": "5.22.1"
            },
            "engines": {
                "node": ">=16.11.0"
            }
        },
        "node_modules/@discordjs/util": {
            "version": "1.0.1",
            "resolved": "https://registry.npmjs.org/@discordjs/util/-/util-1.0.1.tgz",
            "integrity": "sha512-d0N2yCxB8r4bn00/hvFZwM7goDcUhtViC5un4hPj73Ba4yrChLSJD8fy7Ps5jpTLg1fE9n4K0xBLc1y9WGwSsA==",
            "engines": {
                "node": ">=16.11.0"
            }
        },
        "node_modules/@discordjs/ws": {
            "version": "1.0.1",
            "resolved": "https://registry.npmjs.org/@discordjs/ws/-/ws-1.0.1.tgz",
            "integrity": "sha512-avvAolBqN3yrSvdBPcJ/0j2g42ABzrv3PEL76e3YTp2WYMGH7cuspkjfSyNWaqYl1J+669dlLp+YFMxSVQyS5g==",
            "dependencies": {
                "@discordjs/collection": "^1.5.3",
                "@discordjs/rest": "^2.0.1",
                "@discordjs/util": "^1.0.1",
                "@sapphire/async-queue": "^1.5.0",
                "@types/ws": "^8.5.5",
                "@vladfrangu/async_event_emitter": "^2.2.2",
                "discord-api-types": "0.37.50",
                "tslib": "^2.6.1",
                "ws": "^8.13.0"
            },
            "engines": {
                "node": ">=16.11.0"
            }
        },
        "node_modules/@discordjs/ws/node_modules/ws": {
            "version": "8.14.2",
            "resolved": "https://registry.npmjs.org/ws/-/ws-8.14.2.tgz",
            "integrity": "sha512-wEBG1ftX4jcglPxgFCMJmZ2PLtSbJ2Peg6TmpJFTbe9GZYOQCDPdMYu/Tm0/bGZkw8paZnJY45J4K2PZrLYq8g==",
            "engines": {
                "node": ">=10.0.0"
            },
            "peerDependencies": {
                "bufferutil": "^4.0.1",
                "utf-8-validate": ">=5.0.2"
            },
            "peerDependenciesMeta": {
                "bufferutil": {
                    "optional": true
                },
                "utf-8-validate": {
                    "optional": true
                }
            }
        },
        "node_modules/@gar/promisify": {
            "version": "1.1.3",
            "resolved": "https://registry.npmjs.org/@gar/promisify/-/promisify-1.1.3.tgz",
            "integrity": "sha512-k2Ty1JcVojjJFwrg/ThKi2ujJ7XNLYaFGNB/bWT9wGR+oSMJHMa5w+CUq6p/pVrKeNNgA7pCqEcjSnHVoqJQFw==",
            "optional": true
        },
        "node_modules/@jimp/bmp": {
            "version": "0.22.8",
            "resolved": "https://registry.npmjs.org/@jimp/bmp/-/bmp-0.22.8.tgz",
            "integrity": "sha512-JEMKgM1AEvvWfn9ZCHn62nK+QCE3Pb/ZhPdL3NF0ZgKNww6pqOmo6KqXzqY18JLB7c0epuTp4GPDPDhOh/ou1g==",
            "dependencies": {
                "@jimp/utils": "^0.22.8",
                "bmp-js": "^0.1.0"
            },
            "peerDependencies": {
                "@jimp/custom": ">=0.3.5"
            }
        },
        "node_modules/@jimp/core": {
            "version": "0.22.8",
            "resolved": "https://registry.npmjs.org/@jimp/core/-/core-0.22.8.tgz",
            "integrity": "sha512-vkN28aFikzQieA6bGxN+qe20pseCAemCyUI0YmRkJIArlb6OujtAwWAKyokv2lylV56bq8EQGIz+Y30OXUnRqg==",
            "dependencies": {
                "@jimp/utils": "^0.22.8",
                "any-base": "^1.1.0",
                "buffer": "^5.2.0",
                "exif-parser": "^0.1.12",
                "file-type": "^16.5.4",
                "isomorphic-fetch": "^3.0.0",
                "mkdirp": "^2.1.3",
                "pixelmatch": "^4.0.2",
                "tinycolor2": "^1.6.0"
            }
        },
        "node_modules/@jimp/custom": {
            "version": "0.22.8",
            "resolved": "https://registry.npmjs.org/@jimp/custom/-/custom-0.22.8.tgz",
            "integrity": "sha512-u6lP9x/HNeGHB0Oojv4c2mhuDvn7G0ikzYbK4IKLsH4HzHxt62faMjBzQMcFhKJhR6UiiKE/jiHrhGvBT/fMkw==",
            "dependencies": {
                "@jimp/core": "^0.22.8"
            }
        },
        "node_modules/@jimp/gif": {
            "version": "0.22.8",
            "resolved": "https://registry.npmjs.org/@jimp/gif/-/gif-0.22.8.tgz",
            "integrity": "sha512-I0l6koS67IPU40RPxCJTD1NvePEd8vUIHTejx1ly0jrjGnumbqdarAlBUkDrKfPPc+Fnqp84hBbSN1w5hNPT6w==",
            "dependencies": {
                "@jimp/utils": "^0.22.8",
                "gifwrap": "^0.9.2",
                "omggif": "^1.0.9"
            },
            "peerDependencies": {
                "@jimp/custom": ">=0.3.5"
            }
        },
        "node_modules/@jimp/jpeg": {
            "version": "0.22.8",
            "resolved": "https://registry.npmjs.org/@jimp/jpeg/-/jpeg-0.22.8.tgz",
            "integrity": "sha512-hLXrQ7/0QiUhAVAF10dfGCSq3hvyqjKltlpu/87b3wqMDKe9KdvhX1AJHiUUrAbJv1fAcnOmQGTyXGuySa1D6A==",
            "dependencies": {
                "@jimp/utils": "^0.22.8",
                "jpeg-js": "^0.4.4"
            },
            "peerDependencies": {
                "@jimp/custom": ">=0.3.5"
            }
        },
        "node_modules/@jimp/jpeg/node_modules/jpeg-js": {
            "version": "0.4.4",
            "resolved": "https://registry.npmjs.org/jpeg-js/-/jpeg-js-0.4.4.tgz",
            "integrity": "sha512-WZzeDOEtTOBK4Mdsar0IqEU5sMr3vSV2RqkAIzUEV2BHnUfKGyswWFPFwK5EeDo93K3FohSHbLAjj0s1Wzd+dg=="
        },
        "node_modules/@jimp/plugin-blit": {
            "version": "0.22.8",
            "resolved": "https://registry.npmjs.org/@jimp/plugin-blit/-/plugin-blit-0.22.8.tgz",
            "integrity": "sha512-rQ19txVCKIwo74HtgFodFt4//0ATPCJK+f24riqzb+nx+1JaOo1xRvpJqg4moirHwKR2fhwdDxmY7KX20kCeYA==",
            "dependencies": {
                "@jimp/utils": "^0.22.8"
            },
            "peerDependencies": {
                "@jimp/custom": ">=0.3.5"
            }
        },
        "node_modules/@jimp/plugin-blur": {
            "version": "0.22.8",
            "resolved": "https://registry.npmjs.org/@jimp/plugin-blur/-/plugin-blur-0.22.8.tgz",
            "integrity": "sha512-GWbNK3YW6k2EKiGJdpAFEr0jezPBtiVxj2wG/lCPuWJz7KmzSSN99hQjIy73xQxoBCRdALfJlkhe3leFNRueSQ==",
            "dependencies": {
                "@jimp/utils": "^0.22.8"
            },
            "peerDependencies": {
                "@jimp/custom": ">=0.3.5"
            }
        },
        "node_modules/@jimp/plugin-circle": {
            "version": "0.22.8",
            "resolved": "https://registry.npmjs.org/@jimp/plugin-circle/-/plugin-circle-0.22.8.tgz",
            "integrity": "sha512-qPCw8XFW8opT89ciFDuvs+eB3EB1mZIJWVajD2qAlprHiE7YGr34TkM7N5MNr3qZ1pJgkYdW6+HbBrJwBaonqw==",
            "dependencies": {
                "@jimp/utils": "^0.22.8"
            },
            "peerDependencies": {
                "@jimp/custom": ">=0.3.5"
            }
        },
        "node_modules/@jimp/plugin-color": {
            "version": "0.22.8",
            "resolved": "https://registry.npmjs.org/@jimp/plugin-color/-/plugin-color-0.22.8.tgz",
            "integrity": "sha512-ogkbg6rpDVH/mMLgAQKg17z3oZE0VN7ZWxNoH12fUHchqKz1I57zpa65fxZe2I8T5Xz97HR3x+7V7oI8qQGdSA==",
            "dependencies": {
                "@jimp/utils": "^0.22.8",
                "tinycolor2": "^1.6.0"
            },
            "peerDependencies": {
                "@jimp/custom": ">=0.3.5"
            }
        },
        "node_modules/@jimp/plugin-contain": {
            "version": "0.22.8",
            "resolved": "https://registry.npmjs.org/@jimp/plugin-contain/-/plugin-contain-0.22.8.tgz",
            "integrity": "sha512-oiaPLdJt9Dk+XEEhM/OU3lFemM51mA9NgMCAdburSCjDzKacJYBGFSHjTOhXzcxOie/ZDpOYN/UzFGKy8Dgl9A==",
            "dependencies": {
                "@jimp/utils": "^0.22.8"
            },
            "peerDependencies": {
                "@jimp/custom": ">=0.3.5",
                "@jimp/plugin-blit": ">=0.3.5",
                "@jimp/plugin-resize": ">=0.3.5",
                "@jimp/plugin-scale": ">=0.3.5"
            }
        },
        "node_modules/@jimp/plugin-cover": {
            "version": "0.22.8",
            "resolved": "https://registry.npmjs.org/@jimp/plugin-cover/-/plugin-cover-0.22.8.tgz",
            "integrity": "sha512-mO68w1m/LhfuHU8LKHY05a4/hhWnY4t+T+8JCw9t+5yfzA4+LofBZZKtFtWgwf/QGe1y3X2rtUU/avAzDUKyyA==",
            "dependencies": {
                "@jimp/utils": "^0.22.8"
            },
            "peerDependencies": {
                "@jimp/custom": ">=0.3.5",
                "@jimp/plugin-crop": ">=0.3.5",
                "@jimp/plugin-resize": ">=0.3.5",
                "@jimp/plugin-scale": ">=0.3.5"
            }
        },
        "node_modules/@jimp/plugin-crop": {
            "version": "0.22.8",
            "resolved": "https://registry.npmjs.org/@jimp/plugin-crop/-/plugin-crop-0.22.8.tgz",
            "integrity": "sha512-ns4oH0h0gezYsbuH8RThcMLY5uTLk/vnqOVjWCehMHEzxi0DHMWCmpcb6bC//vJ+XFNhtVGn1ALN7+ROmPrj+A==",
            "dependencies": {
                "@jimp/utils": "^0.22.8"
            },
            "peerDependencies": {
                "@jimp/custom": ">=0.3.5"
            }
        },
        "node_modules/@jimp/plugin-displace": {
            "version": "0.22.8",
            "resolved": "https://registry.npmjs.org/@jimp/plugin-displace/-/plugin-displace-0.22.8.tgz",
            "integrity": "sha512-Cj8nHYgsdFynOIx3dbbiVwRuZn3xO+RVfwkTRy0JBye+K2AU8SQJS+hSFNMQFTZt5djivh6kh0TzvR/6LkOd1w==",
            "dependencies": {
                "@jimp/utils": "^0.22.8"
            },
            "peerDependencies": {
                "@jimp/custom": ">=0.3.5"
            }
        },
        "node_modules/@jimp/plugin-dither": {
            "version": "0.22.8",
            "resolved": "https://registry.npmjs.org/@jimp/plugin-dither/-/plugin-dither-0.22.8.tgz",
            "integrity": "sha512-oE0Us/6bEgrgEg56plU3jSBzvB9iGhweKUHmxYMWnQbFCHP4mNCtPAs8+Fmq6c+m98ZgBgRcrJTnC7lphHkGyw==",
            "dependencies": {
                "@jimp/utils": "^0.22.8"
            },
            "peerDependencies": {
                "@jimp/custom": ">=0.3.5"
            }
        },
        "node_modules/@jimp/plugin-fisheye": {
            "version": "0.22.8",
            "resolved": "https://registry.npmjs.org/@jimp/plugin-fisheye/-/plugin-fisheye-0.22.8.tgz",
            "integrity": "sha512-bWvYY/nfMcKclWEaRyAir+YsT6C5St823HUQAsewZowTrJmme+w4U2a6InsryTHUL01BBcV5BLH0aDHuV3StvA==",
            "dependencies": {
                "@jimp/utils": "^0.22.8"
            },
            "peerDependencies": {
                "@jimp/custom": ">=0.3.5"
            }
        },
        "node_modules/@jimp/plugin-flip": {
            "version": "0.22.8",
            "resolved": "https://registry.npmjs.org/@jimp/plugin-flip/-/plugin-flip-0.22.8.tgz",
            "integrity": "sha512-0NFTNzjsdmOQkaIkNjZqO3/yU4SQb9nnWQXsLS1fFo+9QrIL5v8vVkXpk/rhiND6PyTj2mMTNjOa76GuZcC+iQ==",
            "dependencies": {
                "@jimp/utils": "^0.22.8"
            },
            "peerDependencies": {
                "@jimp/custom": ">=0.3.5",
                "@jimp/plugin-rotate": ">=0.3.5"
            }
        },
        "node_modules/@jimp/plugin-gaussian": {
            "version": "0.22.8",
            "resolved": "https://registry.npmjs.org/@jimp/plugin-gaussian/-/plugin-gaussian-0.22.8.tgz",
            "integrity": "sha512-E/f14aLzCS50QAM7K+InI9V61KVy/Zx52vy7Jjfo1h7qKhQHss3PYaydaH0N6qlXRNeXgh+4/32P9JfieLMcdw==",
            "dependencies": {
                "@jimp/utils": "^0.22.8"
            },
            "peerDependencies": {
                "@jimp/custom": ">=0.3.5"
            }
        },
        "node_modules/@jimp/plugin-invert": {
            "version": "0.22.8",
            "resolved": "https://registry.npmjs.org/@jimp/plugin-invert/-/plugin-invert-0.22.8.tgz",
            "integrity": "sha512-UauP39FF2cwbA5VU+Tz9VlNa9rtULPSHZb0Huwcjqjm9/G/xVN69VJ8+RKiFC4zM1/kYAUp/6IRwPa6qdKJpSw==",
            "dependencies": {
                "@jimp/utils": "^0.22.8"
            },
            "peerDependencies": {
                "@jimp/custom": ">=0.3.5"
            }
        },
        "node_modules/@jimp/plugin-mask": {
            "version": "0.22.8",
            "resolved": "https://registry.npmjs.org/@jimp/plugin-mask/-/plugin-mask-0.22.8.tgz",
            "integrity": "sha512-bhg5+3i8x1CmYj6cjvPBQZLwZEI3iK3gJWF25ZHF+12d3cqDuJngtr8oRQOQLlAgvKmrj9FXIiEPDczUI9cnWQ==",
            "dependencies": {
                "@jimp/utils": "^0.22.8"
            },
            "peerDependencies": {
                "@jimp/custom": ">=0.3.5"
            }
        },
        "node_modules/@jimp/plugin-normalize": {
            "version": "0.22.8",
            "resolved": "https://registry.npmjs.org/@jimp/plugin-normalize/-/plugin-normalize-0.22.8.tgz",
            "integrity": "sha512-Yg5nreAR1JYuSObu3ExlgaLxVeW6VvjVL5qFwiPFxSNlG8JIwL1Ir3K3ChSnnvymyZvJMHb6YKTYNfXKw5Da6g==",
            "dependencies": {
                "@jimp/utils": "^0.22.8"
            },
            "peerDependencies": {
                "@jimp/custom": ">=0.3.5"
            }
        },
        "node_modules/@jimp/plugin-print": {
            "version": "0.22.8",
            "resolved": "https://registry.npmjs.org/@jimp/plugin-print/-/plugin-print-0.22.8.tgz",
            "integrity": "sha512-86O5ejCDi543IYl0TykSmNWErzAjEYhiAxNQb2F7rFRT38WJYNVsvJ6QhxhDQHKxSmF5iwmqbk0jYk5Wp2Z1kw==",
            "dependencies": {
                "@jimp/utils": "^0.22.8",
                "load-bmfont": "^1.4.1"
            },
            "peerDependencies": {
                "@jimp/custom": ">=0.3.5",
                "@jimp/plugin-blit": ">=0.3.5"
            }
        }
    }
}
